<?xml version="1.0" encoding="utf-8"?>
<Project ToolsVersion="4.0" xmlns="http://schemas.microsoft.com/developer/msbuild/2003">
  <ItemGroup>
    <Filter Include="Source Files">
      <UniqueIdentifier>{4FC737F1-C7A5-4376-A066-2A32D752A2FF}</UniqueIdentifier>
      <Extensions>cpp;c;cc;cxx;def;odl;idl;hpj;bat;asm;asmx</Extensions>
    </Filter>
    <Filter Include="Header Files">
      <UniqueIdentifier>{93995380-89BD-4b04-88EB-625FBE52EBFB}</UniqueIdentifier>
      <Extensions>h;hh;hpp;hxx;hm;inl;inc;ipp;xsd</Extensions>
    </Filter>
    <Filter Include="Resource Files">
      <UniqueIdentifier>{67DA6AB6-F800-4c08-8B7A-83BB121AAD01}</UniqueIdentifier>
      <Extensions>rc;ico;cur;bmp;dlg;rc2;rct;bin;rgs;gif;jpg;jpeg;jpe;resx;tiff;tif;png;wav;mfcribbon-ms</Extensions>
    </Filter>
  </ItemGroup>
  <ItemGroup>
    <ClCompile Include="Renderer_Main.cpp">
      <Filter>Source Files</Filter>
    </ClCompile>
    <ClCompile Include="Bitmap.cpp">
      <Filter>Source Files</Filter>
    </ClCompile>
    <ClCompile Include="VectorCoords.cpp">
      <Filter>Source Files</Filter>
    </ClCompile>
    <ClCompile Include="MatrixMxN.cpp">
      <Filter>Source Files</Filter>
    </ClCompile>
    <ClCompile Include="Mesh.h">
      <Filter>Header Files</Filter>
    </ClCompile>
    <ClCompile Include="GameObject.cpp">
      <Filter>Source Files</Filter>
    </ClCompile>
    <ClCompile Include="LevelObject.cpp">
      <Filter>Source Files</Filter>
    </ClCompile>
    <ClCompile Include="RendererObject.cpp">
      <Filter>Source Files</Filter>
    </ClCompile>
    <ClCompile Include="Material.cpp">
      <Filter>Source Files</Filter>
    </ClCompile>
    <ClCompile Include="Global_Stack.cpp">
      <Filter>Source Files</Filter>
    </ClCompile>
    <ClCompile Include="CameraObject.cpp">
      <Filter>Source Files</Filter>
    </ClCompile>
    <ClCompile Include="PlayerObject.cpp">
      <Filter>Source Files</Filter>
    </ClCompile>
    <ClCompile Include="CubePrim.cpp">
      <Filter>Source Files</Filter>
    </ClCompile>
    <ClCompile Include="DebugSp.cpp">
      <Filter>Source Files</Filter>
    </ClCompile>
    <ClCompile Include="DiffuseMaterial.cpp">
      <Filter>Source Files</Filter>
    </ClCompile>
    <ClCompile Include="UnmappedMat.cpp">
      <Filter>Source Files</Filter>
    </ClCompile>
    <ClCompile Include="TestObj.cpp">
      <Filter>Source Files</Filter>
    </ClCompile>
    <ClCompile Include="ModelLoader.cpp">
      <Filter>Source Files</Filter>
    </ClCompile>
  </ItemGroup>
  <ItemGroup>
    <ClInclude Include="Backtracker.h">
      <Filter>Header Files</Filter>
    </ClInclude>
    <ClInclude Include="Renderer_3D.h">
      <Filter>Header Files</Filter>
    </ClInclude>
    <ClInclude Include="Bitmap.h">
      <Filter>Header Files</Filter>
    </ClInclude>
    <ClInclude Include="VectorCoords.h">
      <Filter>Header Files</Filter>
    </ClInclude>
    <ClInclude Include="MatrixMxN.h">
      <Filter>Header Files</Filter>
    </ClInclude>
    <ClInclude Include="Renderer_2D.h">
      <Filter>Header Files</Filter>
    </ClInclude>
    <ClInclude Include="Render_2D_Demo.h">
      <Filter>Header Files</Filter>
    </ClInclude>
    <ClInclude Include="FragmentShaders.h">
      <Filter>Header Files</Filter>
    </ClInclude>
    <ClInclude Include="VertexShader.h">
      <Filter>Header Files</Filter>
    </ClInclude>
    <ClInclude Include="Camera.h">
      <Filter>Header Files</Filter>
    </ClInclude>
    <ClInclude Include="GameObject.h">
      <Filter>Header Files</Filter>
    </ClInclude>
    <ClInclude Include="LevelObject.h">
      <Filter>Header Files</Filter>
    </ClInclude>
    <ClInclude Include="RendererObject.h">
      <Filter>Header Files</Filter>
    </ClInclude>
    <ClInclude Include="Material.h">
      <Filter>Header Files</Filter>
    </ClInclude>
    <ClInclude Include="Global_Stack.h">
      <Filter>Header Files</Filter>
    </ClInclude>
    <ClInclude Include="CameraObject.h">
      <Filter>Header Files</Filter>
    </ClInclude>
    <ClInclude Include="PlayerObject.h">
      <Filter>Header Files</Filter>
    </ClInclude>
    <ClInclude Include="CubePrim.h">
      <Filter>Header Files</Filter>
    </ClInclude>
    <ClInclude Include="DebugSp.h">
      <Filter>Header Files</Filter>
    </ClInclude>
    <ClInclude Include="DiffuseMaterial.h">
      <Filter>Header Files</Filter>
    </ClInclude>
    <ClInclude Include="UnmappedMat.h">
      <Filter>Header Files</Filter>
    </ClInclude>
    <ClInclude Include="TestObj.h">
      <Filter>Header Files</Filter>
    </ClInclude>
    <ClInclude Include="ModelLoader.h">
      <Filter>Header Files</Filter>
    </ClInclude>
  </ItemGroup>
</Project>